github.com/boltdb/bolt v1.3.1 h1:JQmyP4ZBrce+ZQu0dY660FMfatumYDLun9hBCUVIkF4=
github.com/boltdb/bolt v1.3.1/go.mod h1:clJnj/oiGkjum5o1McbSZDSLxVThjynRyGBgiAx27Ps=
golang.org/x/sys v0.0.0-20211102061401-a2f17f7b995c h1:QOfDMdrf/UwlVR0UBq2Mpr58UzNtvgJRXA4BgPfFACs=
golang.org/x/sys v0.0.0-20211102061401-a2f17f7b995c/go.mod h1:oPkhp1MJrh7nUepCBck5+mAzfO9JrbApNNgaTdGDITg=
